
Microsoft Visual Studio Solution File, Format Version 12.00
# Visual Studio 2012
Project("{FAE04EC0-301F-11D3-BF4B-00C04F79EFBC}") = "Aptitud.SimpleCV.Web", "Aptitud.SimpleCV.Web\Aptitud.SimpleCV.Web.csproj", "{392CF90E-14EB-4485-A5B3-75330091FA2A}"
EndProject
Project("{FAE04EC0-301F-11D3-BF4B-00C04F79EFBC}") = "Aptitud.SimpleCV", "Aptitud.SimpleCV\Aptitud.SimpleCV.csproj", "{45D7BC32-F76C-4D38-980F-E94E49B5C2C9}"
EndProject
Project("{FAE04EC0-301F-11D3-BF4B-00C04F79EFBC}") = "Specs", "Specs\Specs.csproj", "{A7E5D47D-939E-46A6-B525-C512AE64F0EC}"
EndProject
Project("{FAE04EC0-301F-11D3-BF4B-00C04F79EFBC}") = "Aptitud.SimpleCV.Raven", "Aptitud.SimpleCV.Raven\Aptitud.SimpleCV.Raven.csproj", "{1E03C698-A0BB-44A1-9E8D-3EBA05E48135}"
EndProject
Global
	GlobalSection(SolutionConfigurationPlatforms) = preSolution
		Debug|Any CPU = Debug|Any CPU
		Release|Any CPU = Release|Any CPU
	EndGlobalSection
	GlobalSection(ProjectConfigurationPlatforms) = postSolution
		{392CF90E-14EB-4485-A5B3-75330091FA2A}.Debug|Any CPU.ActiveCfg = Debug|Any CPU
		{392CF90E-14EB-4485-A5B3-75330091FA2A}.Debug|Any CPU.Build.0 = Debug|Any CPU
		{392CF90E-14EB-4485-A5B3-75330091FA2A}.Release|Any CPU.ActiveCfg = Release|Any CPU
		{392CF90E-14EB-4485-A5B3-75330091FA2A}.Release|Any CPU.Build.0 = Release|Any CPU
		{45D7BC32-F76C-4D38-980F-E94E49B5C2C9}.Debug|Any CPU.ActiveCfg = Debug|Any CPU
		{45D7BC32-F76C-4D38-980F-E94E49B5C2C9}.Debug|Any CPU.Build.0 = Debug|Any CPU
		{45D7BC32-F76C-4D38-980F-E94E49B5C2C9}.Release|Any CPU.ActiveCfg = Release|Any CPU
		{45D7BC32-F76C-4D38-980F-E94E49B5C2C9}.Release|Any CPU.Build.0 = Release|Any CPU
		{A7E5D47D-939E-46A6-B525-C512AE64F0EC}.Debug|Any CPU.ActiveCfg = Debug|Any CPU
		{A7E5D47D-939E-46A6-B525-C512AE64F0EC}.Debug|Any CPU.Build.0 = Debug|Any CPU
		{A7E5D47D-939E-46A6-B525-C512AE64F0EC}.Release|Any CPU.ActiveCfg = Release|Any CPU
		{A7E5D47D-939E-46A6-B525-C512AE64F0EC}.Release|Any CPU.Build.0 = Release|Any CPU
		{1E03C698-A0BB-44A1-9E8D-3EBA05E48135}.Debug|Any CPU.ActiveCfg = Debug|Any CPU
		{1E03C698-A0BB-44A1-9E8D-3EBA05E48135}.Debug|Any CPU.Build.0 = Debug|Any CPU
		{1E03C698-A0BB-44A1-9E8D-3EBA05E48135}.Release|Any CPU.ActiveCfg = Release|Any CPU
		{1E03C698-A0BB-44A1-9E8D-3EBA05E48135}.Release|Any CPU.Build.0 = Release|Any CPU
	EndGlobalSection
	GlobalSection(SolutionProperties) = preSolution
		HideSolutionNode = FALSE
	EndGlobalSection
EndGlobal
